
Microsoft Visual Studio Solution File, Format Version 12.00
# Visual Studio Version 17
VisualStudioVersion = 17.8.34322.80
MinimumVisualStudioVersion = 10.0.40219.1
Project("{FAE04EC0-301F-11D3-BF4B-00C04F79EFBC}") = "Siberian", "Siberian\Siberian.csproj", "{DBB69E44-B223-4258-B659-AE9064C8C73B}"
EndProject
Global
	GlobalSection(SolutionConfigurationPlatforms) = preSolution
		Debug|Any CPU = Debug|Any CPU
		Release|Any CPU = Release|Any CPU
	EndGlobalSection
	GlobalSection(ProjectConfigurationPlatforms) = postSolution
		{DBB69E44-B223-4258-B659-AE9064C8C73B}.Debug|Any CPU.ActiveCfg = Debug|Any CPU
		{DBB69E44-B223-4258-B659-AE9064C8C73B}.Debug|Any CPU.Build.0 = Debug|Any CPU
		{DBB69E44-B223-4258-B659-AE9064C8C73B}.Release|Any CPU.ActiveCfg = Release|Any CPU
		{DBB69E44-B223-4258-B659-AE9064C8C73B}.Release|Any CPU.Build.0 = Release|Any CPU
	EndGlobalSection
	GlobalSection(SolutionProperties) = preSolution
		HideSolutionNode = FALSE
	EndGlobalSection
	GlobalSection(ExtensibilityGlobals) = postSolution
		SolutionGuid = {24B4F7EA-43C9-425F-9556-5A8E65456A68}
	EndGlobalSection
EndGlobal
